
Microsoft Visual Studio Solution File, Format Version 12.00
# Visual Studio 15
VisualStudioVersion = 15.0.27703.2026
MinimumVisualStudioVersion = 10.0.40219.1
Project("{FAE04EC0-301F-11D3-BF4B-00C04F79EFBC}") = "ElephantSwap", "ElephantSwap\ElephantSwap.csproj", "{5BE1FC44-8A9B-4422-9341-340330712A67}"
EndProject
Global
	GlobalSection(SolutionConfigurationPlatforms) = preSolution
		Debug|Any CPU = Debug|Any CPU
		Release|Any CPU = Release|Any CPU
	EndGlobalSection
	GlobalSection(ProjectConfigurationPlatforms) = postSolution
		{5BE1FC44-8A9B-4422-9341-340330712A67}.Debug|Any CPU.ActiveCfg = Debug|Any CPU
		{5BE1FC44-8A9B-4422-9341-340330712A67}.Debug|Any CPU.Build.0 = Debug|Any CPU
		{5BE1FC44-8A9B-4422-9341-340330712A67}.Release|Any CPU.ActiveCfg = Release|Any CPU
		{5BE1FC44-8A9B-4422-9341-340330712A67}.Release|Any CPU.Build.0 = Release|Any CPU
	EndGlobalSection
	GlobalSection(SolutionProperties) = preSolution
		HideSolutionNode = FALSE
	EndGlobalSection
	GlobalSection(ExtensibilityGlobals) = postSolution
		SolutionGuid = {BEEAD33E-4945-4750-B617-E86E34C3805D}
	EndGlobalSection
EndGlobal
